
Microsoft Visual Studio Solution File, Format Version 12.00
# Visual Studio Version 17
VisualStudioVersion = 17.0.32014.148
MinimumVisualStudioVersion = 10.0.40219.1
Project("{8BC9CEB8-8B4A-11D0-8D11-00A0C91BC942}") = "cowdkp", "cowdkp\cowdkp.vcxproj", "{546FA124-B0AD-48DD-81E9-E524DEF1AE03}"
EndProject
Project("{8BC9CEB8-8B4A-11D0-8D11-00A0C91BC942}") = "injector", "injector\injector.vcxproj", "{CFD91DEC-4FDC-4401-8E87-DCC4047A8F88}"
EndProject
Project("{8BC9CEB8-8B4A-11D0-8D11-00A0C91BC942}") = "eqlib", "eqlib\eqlib.vcxproj", "{C9BD5668-3345-4F9B-80FE-C5E59EDF2E9E}"
EndProject
Global
	GlobalSection(SolutionConfigurationPlatforms) = preSolution
		Debug|x64 = Debug|x64
		Debug|x86 = Debug|x86
		Release|x64 = Release|x64
		Release|x86 = Release|x86
	EndGlobalSection
	GlobalSection(ProjectConfigurationPlatforms) = postSolution
		{546FA124-B0AD-48DD-81E9-E524DEF1AE03}.Debug|x64.ActiveCfg = Debug|x64
		{546FA124-B0AD-48DD-81E9-E524DEF1AE03}.Debug|x64.Build.0 = Debug|x64
		{546FA124-B0AD-48DD-81E9-E524DEF1AE03}.Debug|x86.ActiveCfg = Debug|Win32
		{546FA124-B0AD-48DD-81E9-E524DEF1AE03}.Debug|x86.Build.0 = Debug|Win32
		{546FA124-B0AD-48DD-81E9-E524DEF1AE03}.Release|x64.ActiveCfg = Release|x64
		{546FA124-B0AD-48DD-81E9-E524DEF1AE03}.Release|x64.Build.0 = Release|x64
		{546FA124-B0AD-48DD-81E9-E524DEF1AE03}.Release|x86.ActiveCfg = Release|Win32
		{546FA124-B0AD-48DD-81E9-E524DEF1AE03}.Release|x86.Build.0 = Release|Win32
		{CFD91DEC-4FDC-4401-8E87-DCC4047A8F88}.Debug|x64.ActiveCfg = Debug|x64
		{CFD91DEC-4FDC-4401-8E87-DCC4047A8F88}.Debug|x64.Build.0 = Debug|x64
		{CFD91DEC-4FDC-4401-8E87-DCC4047A8F88}.Debug|x86.ActiveCfg = Debug|Win32
		{CFD91DEC-4FDC-4401-8E87-DCC4047A8F88}.Debug|x86.Build.0 = Debug|Win32
		{CFD91DEC-4FDC-4401-8E87-DCC4047A8F88}.Release|x64.ActiveCfg = Release|x64
		{CFD91DEC-4FDC-4401-8E87-DCC4047A8F88}.Release|x64.Build.0 = Release|x64
		{CFD91DEC-4FDC-4401-8E87-DCC4047A8F88}.Release|x86.ActiveCfg = Release|Win32
		{CFD91DEC-4FDC-4401-8E87-DCC4047A8F88}.Release|x86.Build.0 = Release|Win32
		{C9BD5668-3345-4F9B-80FE-C5E59EDF2E9E}.Debug|x64.ActiveCfg = Debug|x64
		{C9BD5668-3345-4F9B-80FE-C5E59EDF2E9E}.Debug|x64.Build.0 = Debug|x64
		{C9BD5668-3345-4F9B-80FE-C5E59EDF2E9E}.Debug|x86.ActiveCfg = Debug|Win32
		{C9BD5668-3345-4F9B-80FE-C5E59EDF2E9E}.Debug|x86.Build.0 = Debug|Win32
		{C9BD5668-3345-4F9B-80FE-C5E59EDF2E9E}.Release|x64.ActiveCfg = Release|x64
		{C9BD5668-3345-4F9B-80FE-C5E59EDF2E9E}.Release|x64.Build.0 = Release|x64
		{C9BD5668-3345-4F9B-80FE-C5E59EDF2E9E}.Release|x86.ActiveCfg = Release|Win32
		{C9BD5668-3345-4F9B-80FE-C5E59EDF2E9E}.Release|x86.Build.0 = Release|Win32
	EndGlobalSection
	GlobalSection(SolutionProperties) = preSolution
		HideSolutionNode = FALSE
	EndGlobalSection
	GlobalSection(ExtensibilityGlobals) = postSolution
		SolutionGuid = {5C90A03C-878C-4397-9B70-6573C10371EA}
	EndGlobalSection
EndGlobal
